
Microsoft Visual Studio Solution File, Format Version 12.00
# Visual Studio Version 17
VisualStudioVersion = 17.5.002.0
MinimumVisualStudioVersion = 10.0.40219.1
Project("{9A19103F-16F7-4668-BE54-9A1E7A4F7556}") = "Axtra.Web", "Axtra.Web\Axtra.Web.csproj", "{8B3DF070-C7DE-498B-B5F6-512BE6BF1820}"
EndProject
Global
	GlobalSection(SolutionConfigurationPlatforms) = preSolution
		Debug|Any CPU = Debug|Any CPU
		Release|Any CPU = Release|Any CPU
	EndGlobalSection
	GlobalSection(ProjectConfigurationPlatforms) = postSolution
		{8B3DF070-C7DE-498B-B5F6-512BE6BF1820}.Debug|Any CPU.ActiveCfg = Debug|Any CPU
		{8B3DF070-C7DE-498B-B5F6-512BE6BF1820}.Debug|Any CPU.Build.0 = Debug|Any CPU
		{8B3DF070-C7DE-498B-B5F6-512BE6BF1820}.Release|Any CPU.ActiveCfg = Release|Any CPU
		{8B3DF070-C7DE-498B-B5F6-512BE6BF1820}.Release|Any CPU.Build.0 = Release|Any CPU
	EndGlobalSection
	GlobalSection(SolutionProperties) = preSolution
		HideSolutionNode = FALSE
	EndGlobalSection
	GlobalSection(ExtensibilityGlobals) = postSolution
		SolutionGuid = {78C92063-D834-4F3B-8895-27C3F512051C}
	EndGlobalSection
EndGlobal
